
Microsoft Visual Studio Solution File, Format Version 12.00
# Visual Studio 14
VisualStudioVersion = 14.0.25123.0
MinimumVisualStudioVersion = 10.0.40219.1
Project("{F2A71F9B-5D33-465A-A702-920D77279786}") = "drawing", "drawing\drawing.fsproj", "{E6839B27-5560-4161-B1E2-D69F0898241D}"
EndProject
Global
	GlobalSection(SolutionConfigurationPlatforms) = preSolution
		Debug|Any CPU = Debug|Any CPU
		Release|Any CPU = Release|Any CPU
	EndGlobalSection
	GlobalSection(ProjectConfigurationPlatforms) = postSolution
		{E6839B27-5560-4161-B1E2-D69F0898241D}.Debug|Any CPU.ActiveCfg = Debug|Any CPU
		{E6839B27-5560-4161-B1E2-D69F0898241D}.Debug|Any CPU.Build.0 = Debug|Any CPU
		{E6839B27-5560-4161-B1E2-D69F0898241D}.Release|Any CPU.ActiveCfg = Release|Any CPU
		{E6839B27-5560-4161-B1E2-D69F0898241D}.Release|Any CPU.Build.0 = Release|Any CPU
	EndGlobalSection
	GlobalSection(SolutionProperties) = preSolution
		HideSolutionNode = FALSE
	EndGlobalSection
EndGlobal
